// !$*UTF8*$!
{
	archiveVersion = 1;
	classes = {
	};
	objectVersion = 46;
	objects = {

/* Begin PBXBuildFile section */
		D400B026181E57CE00423568 /* QBFriendsViewController.m in Sources */ = {isa = PBXBuildFile; fileRef = D400B025181E57CE00423568 /* QBFriendsViewController.m */; };
		D400B06E18213EAD00423568 /* QBDataManager.m in Sources */ = {isa = PBXBuildFile; fileRef = D400B06D18213EAD00423568 /* QBDataManager.m */; };
		D43ED21217EF24800082BEFC /* QBCreateGameViewController.m in Sources */ = {isa = PBXBuildFile; fileRef = D43ED21117EF24800082BEFC /* QBCreateGameViewController.m */; };
		D43ED21517EF24A40082BEFC /* QBGamesViewController.m in Sources */ = {isa = PBXBuildFile; fileRef = D43ED21417EF24A40082BEFC /* QBGamesViewController.m */; };
		D43ED21817EF25A10082BEFC /* QBGameViewController.m in Sources */ = {isa = PBXBuildFile; fileRef = D43ED21717EF25A10082BEFC /* QBGameViewController.m */; };
		D46CF49B17ECB333000BDD43 /* Foundation.framework in Frameworks */ = {isa = PBXBuildFile; fileRef = D46CF49A17ECB333000BDD43 /* Foundation.framework */; };
		D46CF49D17ECB333000BDD43 /* CoreGraphics.framework in Frameworks */ = {isa = PBXBuildFile; fileRef = D46CF49C17ECB333000BDD43 /* CoreGraphics.framework */; };
		D46CF49F17ECB333000BDD43 /* UIKit.framework in Frameworks */ = {isa = PBXBuildFile; fileRef = D46CF49E17ECB333000BDD43 /* UIKit.framework */; };
		D46CF4A517ECB333000BDD43 /* InfoPlist.strings in Resources */ = {isa = PBXBuildFile; fileRef = D46CF4A317ECB333000BDD43 /* InfoPlist.strings */; };
		D46CF4A717ECB333000BDD43 /* main.m in Sources */ = {isa = PBXBuildFile; fileRef = D46CF4A617ECB333000BDD43 /* main.m */; };
		D46CF4AB17ECB333000BDD43 /* QBAppDelegate.m in Sources */ = {isa = PBXBuildFile; fileRef = D46CF4AA17ECB333000BDD43 /* QBAppDelegate.m */; };
		D46CF4AE17ECB333000BDD43 /* Main.storyboard in Resources */ = {isa = PBXBuildFile; fileRef = D46CF4AC17ECB333000BDD43 /* Main.storyboard */; };
		D46CF4B117ECB333000BDD43 /* QBLoginViewController.m in Sources */ = {isa = PBXBuildFile; fileRef = D46CF4B017ECB333000BDD43 /* QBLoginViewController.m */; };
		D46CF4B317ECB333000BDD43 /* Images.xcassets in Resources */ = {isa = PBXBuildFile; fileRef = D46CF4B217ECB333000BDD43 /* Images.xcassets */; };
		D46CF4BA17ECB334000BDD43 /* XCTest.framework in Frameworks */ = {isa = PBXBuildFile; fileRef = D46CF4B917ECB334000BDD43 /* XCTest.framework */; };
		D46CF4BB17ECB334000BDD43 /* Foundation.framework in Frameworks */ = {isa = PBXBuildFile; fileRef = D46CF49A17ECB333000BDD43 /* Foundation.framework */; };
		D46CF4BC17ECB334000BDD43 /* UIKit.framework in Frameworks */ = {isa = PBXBuildFile; fileRef = D46CF49E17ECB333000BDD43 /* UIKit.framework */; };
		D46CF4C417ECB334000BDD43 /* InfoPlist.strings in Resources */ = {isa = PBXBuildFile; fileRef = D46CF4C217ECB334000BDD43 /* InfoPlist.strings */; };
		D46CF4C617ECB334000BDD43 /* QuizzingBricksTests.m in Sources */ = {isa = PBXBuildFile; fileRef = D46CF4C517ECB334000BDD43 /* QuizzingBricksTests.m */; };
		D46CF4D117ECB3FA000BDD43 /* QBMenuViewController.m in Sources */ = {isa = PBXBuildFile; fileRef = D46CF4D017ECB3FA000BDD43 /* QBMenuViewController.m */; };
		D4CD43781803F55700E4FEBF /* QBRegisterViewController.m in Sources */ = {isa = PBXBuildFile; fileRef = D4CD43771803F55700E4FEBF /* QBRegisterViewController.m */; };
		D4CD4383180699C500E4FEBF /* BoardCellBlue.png in Resources */ = {isa = PBXBuildFile; fileRef = D4CD4379180699C500E4FEBF /* BoardCellBlue.png */; };
		D4CD4384180699C500E4FEBF /* BoardCellBlue@2x.png in Resources */ = {isa = PBXBuildFile; fileRef = D4CD437A180699C500E4FEBF /* BoardCellBlue@2x.png */; };
		D4CD4385180699C500E4FEBF /* BoardCellEmpty.png in Resources */ = {isa = PBXBuildFile; fileRef = D4CD437B180699C500E4FEBF /* BoardCellEmpty.png */; };
		D4CD4386180699C500E4FEBF /* BoardCellEmpty@2x.png in Resources */ = {isa = PBXBuildFile; fileRef = D4CD437C180699C500E4FEBF /* BoardCellEmpty@2x.png */; };
		D4CD4387180699C500E4FEBF /* BoardCellGreen.png in Resources */ = {isa = PBXBuildFile; fileRef = D4CD437D180699C500E4FEBF /* BoardCellGreen.png */; };
		D4CD4388180699C500E4FEBF /* BoardCellGreen@2x.png in Resources */ = {isa = PBXBuildFile; fileRef = D4CD437E180699C500E4FEBF /* BoardCellGreen@2x.png */; };
		D4CD4389180699C500E4FEBF /* BoardCellRed.png in Resources */ = {isa = PBXBuildFile; fileRef = D4CD437F180699C500E4FEBF /* BoardCellRed.png */; };
		D4CD438A180699C600E4FEBF /* BoardCellRed@2x.png in Resources */ = {isa = PBXBuildFile; fileRef = D4CD4380180699C500E4FEBF /* BoardCellRed@2x.png */; };
		D4CD438B180699C600E4FEBF /* BoardCellYellow.png in Resources */ = {isa = PBXBuildFile; fileRef = D4CD4381180699C500E4FEBF /* BoardCellYellow.png */; };
		D4CD438C180699C600E4FEBF /* BoardCellYellow@2x.png in Resources */ = {isa = PBXBuildFile; fileRef = D4CD4382180699C500E4FEBF /* BoardCellYellow@2x.png */; };
		D4D7F9D31828EE9200EFDADB /* QBCommunicationManager.m in Sources */ = {isa = PBXBuildFile; fileRef = D4D7F9D21828EE9200EFDADB /* QBCommunicationManager.m */; };
		D4DBF8D31817C5ED00D9C01B /* QBQuestionViewController.m in Sources */ = {isa = PBXBuildFile; fileRef = D4DBF8D21817C5ED00D9C01B /* QBQuestionViewController.m */; };
		D4E62CE718034651002F0CDA /* QBBoardView.m in Sources */ = {isa = PBXBuildFile; fileRef = D4E62CE618034651002F0CDA /* QBBoardView.m */; };
		D4E62CEA18034679002F0CDA /* QBCellView.m in Sources */ = {isa = PBXBuildFile; fileRef = D4E62CE918034679002F0CDA /* QBCellView.m */; };
/* End PBXBuildFile section */

/* Begin PBXContainerItemProxy section */
		D46CF4BD17ECB334000BDD43 /* PBXContainerItemProxy */ = {
			isa = PBXContainerItemProxy;
			containerPortal = D46CF48F17ECB333000BDD43 /* Project object */;
			proxyType = 1;
			remoteGlobalIDString = D46CF49617ECB333000BDD43;
			remoteInfo = QuizzingBricks;
		};
/* End PBXContainerItemProxy section */

/* Begin PBXFileReference section */
		D400B024181E57CE00423568 /* QBFriendsViewController.h */ = {isa = PBXFileReference; fileEncoding = 4; lastKnownFileType = sourcecode.c.h; path = QBFriendsViewController.h; sourceTree = "<group>"; };
		D400B025181E57CE00423568 /* QBFriendsViewController.m */ = {isa = PBXFileReference; fileEncoding = 4; lastKnownFileType = sourcecode.c.objc; path = QBFriendsViewController.m; sourceTree = "<group>"; };
		D400B06C18213EAD00423568 /* QBDataManager.h */ = {isa = PBXFileReference; fileEncoding = 4; lastKnownFileType = sourcecode.c.h; path = QBDataManager.h; sourceTree = "<group>"; };
		D400B06D18213EAD00423568 /* QBDataManager.m */ = {isa = PBXFileReference; fileEncoding = 4; lastKnownFileType = sourcecode.c.objc; path = QBDataManager.m; sourceTree = "<group>"; };
		D43ED21017EF24800082BEFC /* QBCreateGameViewController.h */ = {isa = PBXFileReference; fileEncoding = 4; lastKnownFileType = sourcecode.c.h; path = QBCreateGameViewController.h; sourceTree = "<group>"; };
		D43ED21117EF24800082BEFC /* QBCreateGameViewController.m */ = {isa = PBXFileReference; fileEncoding = 4; lastKnownFileType = sourcecode.c.objc; path = QBCreateGameViewController.m; sourceTree = "<group>"; };
		D43ED21317EF24A40082BEFC /* QBGamesViewController.h */ = {isa = PBXFileReference; fileEncoding = 4; lastKnownFileType = sourcecode.c.h; path = QBGamesViewController.h; sourceTree = "<group>"; };
		D43ED21417EF24A40082BEFC /* QBGamesViewController.m */ = {isa = PBXFileReference; fileEncoding = 4; lastKnownFileType = sourcecode.c.objc; path = QBGamesViewController.m; sourceTree = "<group>"; };
		D43ED21617EF25A10082BEFC /* QBGameViewController.h */ = {isa = PBXFileReference; fileEncoding = 4; lastKnownFileType = sourcecode.c.h; path = QBGameViewController.h; sourceTree = "<group>"; };
		D43ED21717EF25A10082BEFC /* QBGameViewController.m */ = {isa = PBXFileReference; fileEncoding = 4; lastKnownFileType = sourcecode.c.objc; path = QBGameViewController.m; sourceTree = "<group>"; };
		D46CF49717ECB333000BDD43 /* QuizzingBricks.app */ = {isa = PBXFileReference; explicitFileType = wrapper.application; includeInIndex = 0; path = QuizzingBricks.app; sourceTree = BUILT_PRODUCTS_DIR; };
		D46CF49A17ECB333000BDD43 /* Foundation.framework */ = {isa = PBXFileReference; lastKnownFileType = wrapper.framework; name = Foundation.framework; path = System/Library/Frameworks/Foundation.framework; sourceTree = SDKROOT; };
		D46CF49C17ECB333000BDD43 /* CoreGraphics.framework */ = {isa = PBXFileReference; lastKnownFileType = wrapper.framework; name = CoreGraphics.framework; path = System/Library/Frameworks/CoreGraphics.framework; sourceTree = SDKROOT; };
		D46CF49E17ECB333000BDD43 /* UIKit.framework */ = {isa = PBXFileReference; lastKnownFileType = wrapper.framework; name = UIKit.framework; path = System/Library/Frameworks/UIKit.framework; sourceTree = SDKROOT; };
		D46CF4A217ECB333000BDD43 /* QuizzingBricks-Info.plist */ = {isa = PBXFileReference; lastKnownFileType = text.plist.xml; path = "QuizzingBricks-Info.plist"; sourceTree = "<group>"; };
		D46CF4A417ECB333000BDD43 /* en */ = {isa = PBXFileReference; lastKnownFileType = text.plist.strings; name = en; path = en.lproj/InfoPlist.strings; sourceTree = "<group>"; };
		D46CF4A617ECB333000BDD43 /* main.m */ = {isa = PBXFileReference; lastKnownFileType = sourcecode.c.objc; path = main.m; sourceTree = "<group>"; };
		D46CF4A817ECB333000BDD43 /* QuizzingBricks-Prefix.pch */ = {isa = PBXFileReference; lastKnownFileType = sourcecode.c.h; path = "QuizzingBricks-Prefix.pch"; sourceTree = "<group>"; };
		D46CF4A917ECB333000BDD43 /* QBAppDelegate.h */ = {isa = PBXFileReference; lastKnownFileType = sourcecode.c.h; path = QBAppDelegate.h; sourceTree = "<group>"; };
		D46CF4AA17ECB333000BDD43 /* QBAppDelegate.m */ = {isa = PBXFileReference; lastKnownFileType = sourcecode.c.objc; path = QBAppDelegate.m; sourceTree = "<group>"; };
		D46CF4AD17ECB333000BDD43 /* Base */ = {isa = PBXFileReference; lastKnownFileType = file.storyboard; name = Base; path = Base.lproj/Main.storyboard; sourceTree = "<group>"; };
		D46CF4AF17ECB333000BDD43 /* QBLoginViewController.h */ = {isa = PBXFileReference; lastKnownFileType = sourcecode.c.h; path = QBLoginViewController.h; sourceTree = "<group>"; };
		D46CF4B017ECB333000BDD43 /* QBLoginViewController.m */ = {isa = PBXFileReference; lastKnownFileType = sourcecode.c.objc; path = QBLoginViewController.m; sourceTree = "<group>"; };
		D46CF4B217ECB333000BDD43 /* Images.xcassets */ = {isa = PBXFileReference; lastKnownFileType = folder.assetcatalog; path = Images.xcassets; sourceTree = "<group>"; };
		D46CF4B817ECB334000BDD43 /* QuizzingBricksTests.xctest */ = {isa = PBXFileReference; explicitFileType = wrapper.cfbundle; includeInIndex = 0; path = QuizzingBricksTests.xctest; sourceTree = BUILT_PRODUCTS_DIR; };
		D46CF4B917ECB334000BDD43 /* XCTest.framework */ = {isa = PBXFileReference; lastKnownFileType = wrapper.framework; name = XCTest.framework; path = Library/Frameworks/XCTest.framework; sourceTree = DEVELOPER_DIR; };
		D46CF4C117ECB334000BDD43 /* QuizzingBricksTests-Info.plist */ = {isa = PBXFileReference; lastKnownFileType = text.plist.xml; path = "QuizzingBricksTests-Info.plist"; sourceTree = "<group>"; };
		D46CF4C317ECB334000BDD43 /* en */ = {isa = PBXFileReference; lastKnownFileType = text.plist.strings; name = en; path = en.lproj/InfoPlist.strings; sourceTree = "<group>"; };
		D46CF4C517ECB334000BDD43 /* QuizzingBricksTests.m */ = {isa = PBXFileReference; lastKnownFileType = sourcecode.c.objc; path = QuizzingBricksTests.m; sourceTree = "<group>"; };
		D46CF4CF17ECB3FA000BDD43 /* QBMenuViewController.h */ = {isa = PBXFileReference; fileEncoding = 4; lastKnownFileType = sourcecode.c.h; path = QBMenuViewController.h; sourceTree = "<group>"; };
		D46CF4D017ECB3FA000BDD43 /* QBMenuViewController.m */ = {isa = PBXFileReference; fileEncoding = 4; lastKnownFileType = sourcecode.c.objc; path = QBMenuViewController.m; sourceTree = "<group>"; };
		D4CD43761803F55700E4FEBF /* QBRegisterViewController.h */ = {isa = PBXFileReference; fileEncoding = 4; lastKnownFileType = sourcecode.c.h; path = QBRegisterViewController.h; sourceTree = "<group>"; };
		D4CD43771803F55700E4FEBF /* QBRegisterViewController.m */ = {isa = PBXFileReference; fileEncoding = 4; lastKnownFileType = sourcecode.c.objc; path = QBRegisterViewController.m; sourceTree = "<group>"; };
		D4CD4379180699C500E4FEBF /* BoardCellBlue.png */ = {isa = PBXFileReference; lastKnownFileType = image.png; path = BoardCellBlue.png; sourceTree = "<group>"; };
		D4CD437A180699C500E4FEBF /* BoardCellBlue@2x.png */ = {isa = PBXFileReference; lastKnownFileType = image.png; path = "BoardCellBlue@2x.png"; sourceTree = "<group>"; };
		D4CD437B180699C500E4FEBF /* BoardCellEmpty.png */ = {isa = PBXFileReference; lastKnownFileType = image.png; path = BoardCellEmpty.png; sourceTree = "<group>"; };
		D4CD437C180699C500E4FEBF /* BoardCellEmpty@2x.png */ = {isa = PBXFileReference; lastKnownFileType = image.png; path = "BoardCellEmpty@2x.png"; sourceTree = "<group>"; };
		D4CD437D180699C500E4FEBF /* BoardCellGreen.png */ = {isa = PBXFileReference; lastKnownFileType = image.png; path = BoardCellGreen.png; sourceTree = "<group>"; };
		D4CD437E180699C500E4FEBF /* BoardCellGreen@2x.png */ = {isa = PBXFileReference; lastKnownFileType = image.png; path = "BoardCellGreen@2x.png"; sourceTree = "<group>"; };
		D4CD437F180699C500E4FEBF /* BoardCellRed.png */ = {isa = PBXFileReference; lastKnownFileType = image.png; path = BoardCellRed.png; sourceTree = "<group>"; };
		D4CD4380180699C500E4FEBF /* BoardCellRed@2x.png */ = {isa = PBXFileReference; lastKnownFileType = image.png; path = "BoardCellRed@2x.png"; sourceTree = "<group>"; };
		D4CD4381180699C500E4FEBF /* BoardCellYellow.png */ = {isa = PBXFileReference; lastKnownFileType = image.png; path = BoardCellYellow.png; sourceTree = "<group>"; };
		D4CD4382180699C500E4FEBF /* BoardCellYellow@2x.png */ = {isa = PBXFileReference; lastKnownFileType = image.png; path = "BoardCellYellow@2x.png"; sourceTree = "<group>"; };
		D4D7F9D11828EE9200EFDADB /* QBCommunicationManager.h */ = {isa = PBXFileReference; fileEncoding = 4; lastKnownFileType = sourcecode.c.h; path = QBCommunicationManager.h; sourceTree = "<group>"; };
		D4D7F9D21828EE9200EFDADB /* QBCommunicationManager.m */ = {isa = PBXFileReference; fileEncoding = 4; lastKnownFileType = sourcecode.c.objc; path = QBCommunicationManager.m; sourceTree = "<group>"; };
		D4DBF8D11817C5ED00D9C01B /* QBQuestionViewController.h */ = {isa = PBXFileReference; fileEncoding = 4; lastKnownFileType = sourcecode.c.h; path = QBQuestionViewController.h; sourceTree = "<group>"; };
		D4DBF8D21817C5ED00D9C01B /* QBQuestionViewController.m */ = {isa = PBXFileReference; fileEncoding = 4; lastKnownFileType = sourcecode.c.objc; path = QBQuestionViewController.m; sourceTree = "<group>"; };
		D4E62CE518034651002F0CDA /* QBBoardView.h */ = {isa = PBXFileReference; fileEncoding = 4; lastKnownFileType = sourcecode.c.h; path = QBBoardView.h; sourceTree = "<group>"; };
		D4E62CE618034651002F0CDA /* QBBoardView.m */ = {isa = PBXFileReference; fileEncoding = 4; lastKnownFileType = sourcecode.c.objc; path = QBBoardView.m; sourceTree = "<group>"; };
		D4E62CE818034679002F0CDA /* QBCellView.h */ = {isa = PBXFileReference; fileEncoding = 4; lastKnownFileType = sourcecode.c.h; path = QBCellView.h; sourceTree = "<group>"; };
		D4E62CE918034679002F0CDA /* QBCellView.m */ = {isa = PBXFileReference; fileEncoding = 4; lastKnownFileType = sourcecode.c.objc; path = QBCellView.m; sourceTree = "<group>"; };
/* End PBXFileReference section */

/* Begin PBXFrameworksBuildPhase section */
		D46CF49417ECB333000BDD43 /* Frameworks */ = {
			isa = PBXFrameworksBuildPhase;
			buildActionMask = 2147483647;
			files = (
				D46CF49D17ECB333000BDD43 /* CoreGraphics.framework in Frameworks */,
				D46CF49F17ECB333000BDD43 /* UIKit.framework in Frameworks */,
				D46CF49B17ECB333000BDD43 /* Foundation.framework in Frameworks */,
			);
			runOnlyForDeploymentPostprocessing = 0;
		};
		D46CF4B517ECB334000BDD43 /* Frameworks */ = {
			isa = PBXFrameworksBuildPhase;
			buildActionMask = 2147483647;
			files = (
				D46CF4BA17ECB334000BDD43 /* XCTest.framework in Frameworks */,
				D46CF4BC17ECB334000BDD43 /* UIKit.framework in Frameworks */,
				D46CF4BB17ECB334000BDD43 /* Foundation.framework in Frameworks */,
			);
			runOnlyForDeploymentPostprocessing = 0;
		};
/* End PBXFrameworksBuildPhase section */

/* Begin PBXGroup section */
		D46CF48E17ECB333000BDD43 = {
			isa = PBXGroup;
			children = (
				D46CF4A017ECB333000BDD43 /* QuizzingBricks */,
				D46CF4BF17ECB334000BDD43 /* QuizzingBricksTests */,
				D46CF49917ECB333000BDD43 /* Frameworks */,
				D46CF49817ECB333000BDD43 /* Products */,
			);
			sourceTree = "<group>";
		};
		D46CF49817ECB333000BDD43 /* Products */ = {
			isa = PBXGroup;
			children = (
				D46CF49717ECB333000BDD43 /* QuizzingBricks.app */,
				D46CF4B817ECB334000BDD43 /* QuizzingBricksTests.xctest */,
			);
			name = Products;
			sourceTree = "<group>";
		};
		D46CF49917ECB333000BDD43 /* Frameworks */ = {
			isa = PBXGroup;
			children = (
				D46CF49A17ECB333000BDD43 /* Foundation.framework */,
				D46CF49C17ECB333000BDD43 /* CoreGraphics.framework */,
				D46CF49E17ECB333000BDD43 /* UIKit.framework */,
				D46CF4B917ECB334000BDD43 /* XCTest.framework */,
			);
			name = Frameworks;
			sourceTree = "<group>";
		};
		D46CF4A017ECB333000BDD43 /* QuizzingBricks */ = {
			isa = PBXGroup;
			children = (
				D46CF4A917ECB333000BDD43 /* QBAppDelegate.h */,
				D46CF4AA17ECB333000BDD43 /* QBAppDelegate.m */,
				D46CF4AC17ECB333000BDD43 /* Main.storyboard */,
				D400B06C18213EAD00423568 /* QBDataManager.h */,
				D400B06D18213EAD00423568 /* QBDataManager.m */,
				D4D7F9D11828EE9200EFDADB /* QBCommunicationManager.h */,
				D4D7F9D21828EE9200EFDADB /* QBCommunicationManager.m */,
				D46CF4AF17ECB333000BDD43 /* QBLoginViewController.h */,
				D46CF4B017ECB333000BDD43 /* QBLoginViewController.m */,
				D4CD43761803F55700E4FEBF /* QBRegisterViewController.h */,
				D4CD43771803F55700E4FEBF /* QBRegisterViewController.m */,
				D46CF4CF17ECB3FA000BDD43 /* QBMenuViewController.h */,
				D46CF4D017ECB3FA000BDD43 /* QBMenuViewController.m */,
				D400B024181E57CE00423568 /* QBFriendsViewController.h */,
				D400B025181E57CE00423568 /* QBFriendsViewController.m */,
				D43ED21017EF24800082BEFC /* QBCreateGameViewController.h */,
				D43ED21117EF24800082BEFC /* QBCreateGameViewController.m */,
				D43ED21317EF24A40082BEFC /* QBGamesViewController.h */,
				D43ED21417EF24A40082BEFC /* QBGamesViewController.m */,
				D4DBF8D11817C5ED00D9C01B /* QBQuestionViewController.h */,
				D4DBF8D21817C5ED00D9C01B /* QBQuestionViewController.m */,
				D43ED21617EF25A10082BEFC /* QBGameViewController.h */,
				D43ED21717EF25A10082BEFC /* QBGameViewController.m */,
				D4E62CE518034651002F0CDA /* QBBoardView.h */,
				D4E62CE618034651002F0CDA /* QBBoardView.m */,
				D4E62CE818034679002F0CDA /* QBCellView.h */,
				D4E62CE918034679002F0CDA /* QBCellView.m */,
				D46CF4B217ECB333000BDD43 /* Images.xcassets */,
				D46CF4A117ECB333000BDD43 /* Supporting Files */,
			);
			path = QuizzingBricks;
			sourceTree = "<group>";
		};
		D46CF4A117ECB333000BDD43 /* Supporting Files */ = {
			isa = PBXGroup;
			children = (
				D4E62CEB18034754002F0CDA /* Images */,
				D46CF4A217ECB333000BDD43 /* QuizzingBricks-Info.plist */,
				D46CF4A317ECB333000BDD43 /* InfoPlist.strings */,
				D46CF4A617ECB333000BDD43 /* main.m */,
				D46CF4A817ECB333000BDD43 /* QuizzingBricks-Prefix.pch */,
			);
			name = "Supporting Files";
			sourceTree = "<group>";
		};
		D46CF4BF17ECB334000BDD43 /* QuizzingBricksTests */ = {
			isa = PBXGroup;
			children = (
				D46CF4C517ECB334000BDD43 /* QuizzingBricksTests.m */,
				D46CF4C017ECB334000BDD43 /* Supporting Files */,
			);
			path = QuizzingBricksTests;
			sourceTree = "<group>";
		};
		D46CF4C017ECB334000BDD43 /* Supporting Files */ = {
			isa = PBXGroup;
			children = (
				D46CF4C117ECB334000BDD43 /* QuizzingBricksTests-Info.plist */,
				D46CF4C217ECB334000BDD43 /* InfoPlist.strings */,
			);
			name = "Supporting Files";
			sourceTree = "<group>";
		};
		D4E62CEB18034754002F0CDA /* Images */ = {
			isa = PBXGroup;
			children = (
				D4CD4379180699C500E4FEBF /* BoardCellBlue.png */,
				D4CD437A180699C500E4FEBF /* BoardCellBlue@2x.png */,
				D4CD437B180699C500E4FEBF /* BoardCellEmpty.png */,
				D4CD437C180699C500E4FEBF /* BoardCellEmpty@2x.png */,
				D4CD437D180699C500E4FEBF /* BoardCellGreen.png */,
				D4CD437E180699C500E4FEBF /* BoardCellGreen@2x.png */,
				D4CD437F180699C500E4FEBF /* BoardCellRed.png */,
				D4CD4380180699C500E4FEBF /* BoardCellRed@2x.png */,
				D4CD4381180699C500E4FEBF /* BoardCellYellow.png */,
				D4CD4382180699C500E4FEBF /* BoardCellYellow@2x.png */,
			);
			name = Images;
			sourceTree = "<group>";
		};
/* End PBXGroup section */

/* Begin PBXNativeTarget section */
		D46CF49617ECB333000BDD43 /* QuizzingBricks */ = {
			isa = PBXNativeTarget;
			buildConfigurationList = D46CF4C917ECB334000BDD43 /* Build configuration list for PBXNativeTarget "QuizzingBricks" */;
			buildPhases = (
				D46CF49317ECB333000BDD43 /* Sources */,
				D46CF49417ECB333000BDD43 /* Frameworks */,
				D46CF49517ECB333000BDD43 /* Resources */,
			);
			buildRules = (
			);
			dependencies = (
			);
			name = QuizzingBricks;
			productName = QuizzingBricks;
			productReference = D46CF49717ECB333000BDD43 /* QuizzingBricks.app */;
			productType = "com.apple.product-type.application";
		};
		D46CF4B717ECB334000BDD43 /* QuizzingBricksTests */ = {
			isa = PBXNativeTarget;
			buildConfigurationList = D46CF4CC17ECB334000BDD43 /* Build configuration list for PBXNativeTarget "QuizzingBricksTests" */;
			buildPhases = (
				D46CF4B417ECB334000BDD43 /* Sources */,
				D46CF4B517ECB334000BDD43 /* Frameworks */,
				D46CF4B617ECB334000BDD43 /* Resources */,
			);
			buildRules = (
			);
			dependencies = (
				D46CF4BE17ECB334000BDD43 /* PBXTargetDependency */,
			);
			name = QuizzingBricksTests;
			productName = QuizzingBricksTests;
			productReference = D46CF4B817ECB334000BDD43 /* QuizzingBricksTests.xctest */;
			productType = "com.apple.product-type.bundle.unit-test";
		};
/* End PBXNativeTarget section */

/* Begin PBXProject section */
		D46CF48F17ECB333000BDD43 /* Project object */ = {
			isa = PBXProject;
			attributes = {
				CLASSPREFIX = QB;
				LastUpgradeCheck = 0500;
				ORGANIZATIONNAME = "Linus Hedenberg";
				TargetAttributes = {
					D46CF4B717ECB334000BDD43 = {
						TestTargetID = D46CF49617ECB333000BDD43;
					};
				};
			};
			buildConfigurationList = D46CF49217ECB333000BDD43 /* Build configuration list for PBXProject "QuizzingBricks" */;
			compatibilityVersion = "Xcode 3.2";
			developmentRegion = English;
			hasScannedForEncodings = 0;
			knownRegions = (
				en,
				Base,
			);
			mainGroup = D46CF48E17ECB333000BDD43;
			productRefGroup = D46CF49817ECB333000BDD43 /* Products */;
			projectDirPath = "";
			projectRoot = "";
			targets = (
				D46CF49617ECB333000BDD43 /* QuizzingBricks */,
				D46CF4B717ECB334000BDD43 /* QuizzingBricksTests */,
			);
		};
/* End PBXProject section */

/* Begin PBXResourcesBuildPhase section */
		D46CF49517ECB333000BDD43 /* Resources */ = {
			isa = PBXResourcesBuildPhase;
			buildActionMask = 2147483647;
			files = (
				D4CD438A180699C600E4FEBF /* BoardCellRed@2x.png in Resources */,
				D4CD4385180699C500E4FEBF /* BoardCellEmpty.png in Resources */,
				D4CD4383180699C500E4FEBF /* BoardCellBlue.png in Resources */,
				D4CD4389180699C500E4FEBF /* BoardCellRed.png in Resources */,
				D4CD4388180699C500E4FEBF /* BoardCellGreen@2x.png in Resources */,
				D46CF4B317ECB333000BDD43 /* Images.xcassets in Resources */,
				D4CD438B180699C600E4FEBF /* BoardCellYellow.png in Resources */,
				D46CF4A517ECB333000BDD43 /* InfoPlist.strings in Resources */,
				D46CF4AE17ECB333000BDD43 /* Main.storyboard in Resources */,
				D4CD438C180699C600E4FEBF /* BoardCellYellow@2x.png in Resources */,
				D4CD4384180699C500E4FEBF /* BoardCellBlue@2x.png in Resources */,
				D4CD4387180699C500E4FEBF /* BoardCellGreen.png in Resources */,
				D4CD4386180699C500E4FEBF /* BoardCellEmpty@2x.png in Resources */,
			);
			runOnlyForDeploymentPostprocessing = 0;
		};
		D46CF4B617ECB334000BDD43 /* Resources */ = {
			isa = PBXResourcesBuildPhase;
			buildActionMask = 2147483647;
			files = (
				D46CF4C417ECB334000BDD43 /* InfoPlist.strings in Resources */,
			);
			runOnlyForDeploymentPostprocessing = 0;
		};
/* End PBXResourcesBuildPhase section */

/* Begin PBXSourcesBuildPhase section */
		D46CF49317ECB333000BDD43 /* Sources */ = {
			isa = PBXSourcesBuildPhase;
			buildActionMask = 2147483647;
			files = (
				D46CF4D117ECB3FA000BDD43 /* QBMenuViewController.m in Sources */,
				D43ED21517EF24A40082BEFC /* QBGamesViewController.m in Sources */,
				D4CD43781803F55700E4FEBF /* QBRegisterViewController.m in Sources */,
				D46CF4B117ECB333000BDD43 /* QBLoginViewController.m in Sources */,
				D43ED21817EF25A10082BEFC /* QBGameViewController.m in Sources */,
				D46CF4A717ECB333000BDD43 /* main.m in Sources */,
				D4E62CEA18034679002F0CDA /* QBCellView.m in Sources */,
				D4D7F9D31828EE9200EFDADB /* QBCommunicationManager.m in Sources */,
				D46CF4AB17ECB333000BDD43 /* QBAppDelegate.m in Sources */,
				D4DBF8D31817C5ED00D9C01B /* QBQuestionViewController.m in Sources */,
				D400B026181E57CE00423568 /* QBFriendsViewController.m in Sources */,
				D4E62CE718034651002F0CDA /* QBBoardView.m in Sources */,
				D43ED21217EF24800082BEFC /* QBCreateGameViewController.m in Sources */,
				D400B06E18213EAD00423568 /* QBDataManager.m in Sources */,
			);
			runOnlyForDeploymentPostprocessing = 0;
		};
		D46CF4B417ECB334000BDD43 /* Sources */ = {
			isa = PBXSourcesBuildPhase;
			buildActionMask = 2147483647;
			files = (
				D46CF4C617ECB334000BDD43 /* QuizzingBricksTests.m in Sources */,
			);
			runOnlyForDeploymentPostprocessing = 0;
		};
/* End PBXSourcesBuildPhase section */

/* Begin PBXTargetDependency section */
		D46CF4BE17ECB334000BDD43 /* PBXTargetDependency */ = {
			isa = PBXTargetDependency;
			target = D46CF49617ECB333000BDD43 /* QuizzingBricks */;
			targetProxy = D46CF4BD17ECB334000BDD43 /* PBXContainerItemProxy */;
		};
/* End PBXTargetDependency section */

/* Begin PBXVariantGroup section */
		D46CF4A317ECB333000BDD43 /* InfoPlist.strings */ = {
			isa = PBXVariantGroup;
			children = (
				D46CF4A417ECB333000BDD43 /* en */,
			);
			name = InfoPlist.strings;
			sourceTree = "<group>";
		};
		D46CF4AC17ECB333000BDD43 /* Main.storyboard */ = {
			isa = PBXVariantGroup;
			children = (
				D46CF4AD17ECB333000BDD43 /* Base */,
			);
			name = Main.storyboard;
			sourceTree = "<group>";
		};
		D46CF4C217ECB334000BDD43 /* InfoPlist.strings */ = {
			isa = PBXVariantGroup;
			children = (
				D46CF4C317ECB334000BDD43 /* en */,
			);
			name = InfoPlist.strings;
			sourceTree = "<group>";
		};
/* End PBXVariantGroup section */

/* Begin XCBuildConfiguration section */
		D46CF4C717ECB334000BDD43 /* Debug */ = {
			isa = XCBuildConfiguration;
			buildSettings = {
				ALWAYS_SEARCH_USER_PATHS = NO;
				ARCHS = "$(ARCHS_STANDARD_INCLUDING_64_BIT)";
				CLANG_CXX_LANGUAGE_STANDARD = "gnu++0x";
				CLANG_CXX_LIBRARY = "libc++";
				CLANG_ENABLE_MODULES = YES;
				CLANG_ENABLE_OBJC_ARC = YES;
				CLANG_WARN_BOOL_CONVERSION = YES;
				CLANG_WARN_CONSTANT_CONVERSION = YES;
				CLANG_WARN_DIRECT_OBJC_ISA_USAGE = YES_ERROR;
				CLANG_WARN_EMPTY_BODY = YES;
				CLANG_WARN_ENUM_CONVERSION = YES;
				CLANG_WARN_INT_CONVERSION = YES;
				CLANG_WARN_OBJC_ROOT_CLASS = YES_ERROR;
				CLANG_WARN__DUPLICATE_METHOD_MATCH = YES;
				"CODE_SIGN_IDENTITY[sdk=iphoneos*]" = "iPhone Developer";
				COPY_PHASE_STRIP = NO;
				GCC_C_LANGUAGE_STANDARD = gnu99;
				GCC_DYNAMIC_NO_PIC = NO;
				GCC_OPTIMIZATION_LEVEL = 0;
				GCC_PREPROCESSOR_DEFINITIONS = (
					"DEBUG=1",
					"$(inherited)",
				);
				GCC_SYMBOLS_PRIVATE_EXTERN = NO;
				GCC_WARN_64_TO_32_BIT_CONVERSION = YES;
				GCC_WARN_ABOUT_RETURN_TYPE = YES_ERROR;
				GCC_WARN_UNDECLARED_SELECTOR = YES;
				GCC_WARN_UNINITIALIZED_AUTOS = YES;
				GCC_WARN_UNUSED_FUNCTION = YES;
				GCC_WARN_UNUSED_VARIABLE = YES;
				IPHONEOS_DEPLOYMENT_TARGET = 7.0;
				ONLY_ACTIVE_ARCH = YES;
				SDKROOT = iphoneos;
			};
			name = Debug;
		};
		D46CF4C817ECB334000BDD43 /* Release */ = {
			isa = XCBuildConfiguration;
			buildSettings = {
				ALWAYS_SEARCH_USER_PATHS = NO;
				ARCHS = "$(ARCHS_STANDARD_INCLUDING_64_BIT)";
				CLANG_CXX_LANGUAGE_STANDARD = "gnu++0x";
				CLANG_CXX_LIBRARY = "libc++";
				CLANG_ENABLE_MODULES = YES;
				CLANG_ENABLE_OBJC_ARC = YES;
				CLANG_WARN_BOOL_CONVERSION = YES;
				CLANG_WARN_CONSTANT_CONVERSION = YES;
				CLANG_WARN_DIRECT_OBJC_ISA_USAGE = YES_ERROR;
				CLANG_WARN_EMPTY_BODY = YES;
				CLANG_WARN_ENUM_CONVERSION = YES;
				CLANG_WARN_INT_CONVERSION = YES;
				CLANG_WARN_OBJC_ROOT_CLASS = YES_ERROR;
				CLANG_WARN__DUPLICATE_METHOD_MATCH = YES;
				"CODE_SIGN_IDENTITY[sdk=iphoneos*]" = "iPhone Developer";
				COPY_PHASE_STRIP = YES;
				ENABLE_NS_ASSERTIONS = NO;
				GCC_C_LANGUAGE_STANDARD = gnu99;
				GCC_WARN_64_TO_32_BIT_CONVERSION = YES;
				GCC_WARN_ABOUT_RETURN_TYPE = YES_ERROR;
				GCC_WARN_UNDECLARED_SELECTOR = YES;
				GCC_WARN_UNINITIALIZED_AUTOS = YES;
				GCC_WARN_UNUSED_FUNCTION = YES;
				GCC_WARN_UNUSED_VARIABLE = YES;
				IPHONEOS_DEPLOYMENT_TARGET = 7.0;
				SDKROOT = iphoneos;
				VALIDATE_PRODUCT = YES;
			};
			name = Release;
		};
		D46CF4CA17ECB334000BDD43 /* Debug */ = {
			isa = XCBuildConfiguration;
			buildSettings = {
				ASSETCATALOG_COMPILER_APPICON_NAME = AppIcon;
				ASSETCATALOG_COMPILER_LAUNCHIMAGE_NAME = LaunchImage;
				GCC_PRECOMPILE_PREFIX_HEADER = YES;
				GCC_PREFIX_HEADER = "QuizzingBricks/QuizzingBricks-Prefix.pch";
				INFOPLIST_FILE = "QuizzingBricks/QuizzingBricks-Info.plist";
				PRODUCT_NAME = "$(TARGET_NAME)";
				WRAPPER_EXTENSION = app;
			};
			name = Debug;
		};
		D46CF4CB17ECB334000BDD43 /* Release */ = {
			isa = XCBuildConfiguration;
			buildSettings = {
				ASSETCATALOG_COMPILER_APPICON_NAME = AppIcon;
				ASSETCATALOG_COMPILER_LAUNCHIMAGE_NAME = LaunchImage;
				GCC_PRECOMPILE_PREFIX_HEADER = YES;
				GCC_PREFIX_HEADER = "QuizzingBricks/QuizzingBricks-Prefix.pch";
				INFOPLIST_FILE = "QuizzingBricks/QuizzingBricks-Info.plist";
				PRODUCT_NAME = "$(TARGET_NAME)";
				WRAPPER_EXTENSION = app;
			};
			name = Release;
		};
		D46CF4CD17ECB334000BDD43 /* Debug */ = {
			isa = XCBuildConfiguration;
			buildSettings = {
				ARCHS = "$(ARCHS_STANDARD_INCLUDING_64_BIT)";
				BUNDLE_LOADER = "$(BUILT_PRODUCTS_DIR)/QuizzingBricks.app/QuizzingBricks";
				FRAMEWORK_SEARCH_PATHS = (
					"$(SDKROOT)/Developer/Library/Frameworks",
					"$(inherited)",
					"$(DEVELOPER_FRAMEWORKS_DIR)",
				);
				GCC_PRECOMPILE_PREFIX_HEADER = YES;
				GCC_PREFIX_HEADER = "QuizzingBricks/QuizzingBricks-Prefix.pch";
				GCC_PREPROCESSOR_DEFINITIONS = (
					"DEBUG=1",
					"$(inherited)",
				);
				INFOPLIST_FILE = "QuizzingBricksTests/QuizzingBricksTests-Info.plist";
				PRODUCT_NAME = "$(TARGET_NAME)";
				TEST_HOST = "$(BUNDLE_LOADER)";
				WRAPPER_EXTENSION = xctest;
			};
			name = Debug;
		};
		D46CF4CE17ECB334000BDD43 /* Release */ = {
			isa = XCBuildConfiguration;
			buildSettings = {
				ARCHS = "$(ARCHS_STANDARD_INCLUDING_64_BIT)";
				BUNDLE_LOADER = "$(BUILT_PRODUCTS_DIR)/QuizzingBricks.app/QuizzingBricks";
				FRAMEWORK_SEARCH_PATHS = (
					"$(SDKROOT)/Developer/Library/Frameworks",
					"$(inherited)",
					"$(DEVELOPER_FRAMEWORKS_DIR)",
				);
				GCC_PRECOMPILE_PREFIX_HEADER = YES;
				GCC_PREFIX_HEADER = "QuizzingBricks/QuizzingBricks-Prefix.pch";
				INFOPLIST_FILE = "QuizzingBricksTests/QuizzingBricksTests-Info.plist";
				PRODUCT_NAME = "$(TARGET_NAME)";
				TEST_HOST = "$(BUNDLE_LOADER)";
				WRAPPER_EXTENSION = xctest;
			};
			name = Release;
		};
/* End XCBuildConfiguration section */

/* Begin XCConfigurationList section */
		D46CF49217ECB333000BDD43 /* Build configuration list for PBXProject "QuizzingBricks" */ = {
			isa = XCConfigurationList;
			buildConfigurations = (
				D46CF4C717ECB334000BDD43 /* Debug */,
				D46CF4C817ECB334000BDD43 /* Release */,
			);
			defaultConfigurationIsVisible = 0;
			defaultConfigurationName = Release;
		};
		D46CF4C917ECB334000BDD43 /* Build configuration list for PBXNativeTarget "QuizzingBricks" */ = {
			isa = XCConfigurationList;
			buildConfigurations = (
				D46CF4CA17ECB334000BDD43 /* Debug */,
				D46CF4CB17ECB334000BDD43 /* Release */,
			);
			defaultConfigurationIsVisible = 0;
			defaultConfigurationName = Release;
		};
		D46CF4CC17ECB334000BDD43 /* Build configuration list for PBXNativeTarget "QuizzingBricksTests" */ = {
			isa = XCConfigurationList;
			buildConfigurations = (
				D46CF4CD17ECB334000BDD43 /* Debug */,
				D46CF4CE17ECB334000BDD43 /* Release */,
			);
			defaultConfigurationIsVisible = 0;
			defaultConfigurationName = Release;
		};
/* End XCConfigurationList section */
	};
	rootObject = D46CF48F17ECB333000BDD43 /* Project object */;
}
